{
  "name": "pi-cover-image",
  "version": "0.1.0",
  "lockfileVersion": 3,
  "requires": true,
  "packages": {
    "": {
      "name": "pi-cover-image",
      "version": "0.1.0",
      "bundleDependencies": [
        "pi-image-gen"
      ],
      "license": "MIT",
      "dependencies": {
        "pi-image-gen": "file:../pi-image-gen"
      }
    },
    "../pi-image-gen": {
      "version": "0.1.0",
      "license": "MIT"
    },
    "node_modules/pi-image-gen": {
      "resolved": "../pi-image-gen",
      "link": true
    }
  }
}
